
Microsoft Visual Studio Solution File, Format Version 12.00
# Visual Studio Version 17
VisualStudioVersion = 17.3.32922.545
MinimumVisualStudioVersion = 10.0.40219.1
Project("{FAE04EC0-301F-11D3-BF4B-00C04F79EFBC}") = "TIEconomyMod", "TIEconomyMod\TIEconomyMod.csproj", "{44220737-E9E2-435B-A840-49FA339324C7}"
EndProject
Project("{2150E333-8FDC-42A3-9474-1A3956D46DE8}") = "Solution Items", "Solution Items", "{AEA1415D-A208-439F-9A0B-EE07CA3A9B3A}"
	ProjectSection(SolutionItems) = preProject
		.gitattributes = .gitattributes
		.gitignore = .gitignore
		README.md = README.md
	EndProjectSection
EndProject
Global
	GlobalSection(SolutionConfigurationPlatforms) = preSolution
		Debug|Any CPU = Debug|Any CPU
		Release|Any CPU = Release|Any CPU
	EndGlobalSection
	GlobalSection(ProjectConfigurationPlatforms) = postSolution
		{44220737-E9E2-435B-A840-49FA339324C7}.Debug|Any CPU.ActiveCfg = Debug|Any CPU
		{44220737-E9E2-435B-A840-49FA339324C7}.Debug|Any CPU.Build.0 = Debug|Any CPU
		{44220737-E9E2-435B-A840-49FA339324C7}.Release|Any CPU.ActiveCfg = Release|Any CPU
		{44220737-E9E2-435B-A840-49FA339324C7}.Release|Any CPU.Build.0 = Release|Any CPU
	EndGlobalSection
	GlobalSection(SolutionProperties) = preSolution
		HideSolutionNode = FALSE
	EndGlobalSection
	GlobalSection(ExtensibilityGlobals) = postSolution
		SolutionGuid = {623420DC-C223-462E-84FA-D97C52E2BCD3}
	EndGlobalSection
EndGlobal
